
Microsoft Visual Studio Solution File, Format Version 12.00
# Visual Studio 2012
Project("{FAE04EC0-301F-11D3-BF4B-00C04F79EFBC}") = "MEx", "MEx\MEx.csproj", "{AA00EF58-A852-4313-B230-A41B1C53C625}"
EndProject
Project("{FAE04EC0-301F-11D3-BF4B-00C04F79EFBC}") = "MediaLibrary", "MediaLibrary\MediaLibrary.csproj", "{9D03FEF7-F091-40B4-9D17-8937FFD658AD}"
EndProject
Global
	GlobalSection(SolutionConfigurationPlatforms) = preSolution
		Debug|Any CPU = Debug|Any CPU
		Release|Any CPU = Release|Any CPU
	EndGlobalSection
	GlobalSection(ProjectConfigurationPlatforms) = postSolution
		{AA00EF58-A852-4313-B230-A41B1C53C625}.Debug|Any CPU.ActiveCfg = Debug|Any CPU
		{AA00EF58-A852-4313-B230-A41B1C53C625}.Debug|Any CPU.Build.0 = Debug|Any CPU
		{AA00EF58-A852-4313-B230-A41B1C53C625}.Release|Any CPU.ActiveCfg = Release|Any CPU
		{AA00EF58-A852-4313-B230-A41B1C53C625}.Release|Any CPU.Build.0 = Release|Any CPU
		{9D03FEF7-F091-40B4-9D17-8937FFD658AD}.Debug|Any CPU.ActiveCfg = Debug|Any CPU
		{9D03FEF7-F091-40B4-9D17-8937FFD658AD}.Debug|Any CPU.Build.0 = Debug|Any CPU
		{9D03FEF7-F091-40B4-9D17-8937FFD658AD}.Release|Any CPU.ActiveCfg = Release|Any CPU
		{9D03FEF7-F091-40B4-9D17-8937FFD658AD}.Release|Any CPU.Build.0 = Release|Any CPU
	EndGlobalSection
	GlobalSection(SolutionProperties) = preSolution
		HideSolutionNode = FALSE
	EndGlobalSection
EndGlobal
